
Microsoft Visual Studio Solution File, Format Version 12.00
# Visual Studio Version 17
VisualStudioVersion = 17.8.34330.188
MinimumVisualStudioVersion = 10.0.40219.1
Project("{FAE04EC0-301F-11D3-BF4B-00C04F79EFBC}") = "upisivanjePodatakaCSV", "upisivanjePodatakaCSV\upisivanjePodatakaCSV.csproj", "{8787A844-FDF0-49F8-98F5-A0B4012100DA}"
EndProject
Global
	GlobalSection(SolutionConfigurationPlatforms) = preSolution
		Debug|Any CPU = Debug|Any CPU
		Release|Any CPU = Release|Any CPU
	EndGlobalSection
	GlobalSection(ProjectConfigurationPlatforms) = postSolution
		{8787A844-FDF0-49F8-98F5-A0B4012100DA}.Debug|Any CPU.ActiveCfg = Debug|Any CPU
		{8787A844-FDF0-49F8-98F5-A0B4012100DA}.Debug|Any CPU.Build.0 = Debug|Any CPU
		{8787A844-FDF0-49F8-98F5-A0B4012100DA}.Release|Any CPU.ActiveCfg = Release|Any CPU
		{8787A844-FDF0-49F8-98F5-A0B4012100DA}.Release|Any CPU.Build.0 = Release|Any CPU
	EndGlobalSection
	GlobalSection(SolutionProperties) = preSolution
		HideSolutionNode = FALSE
	EndGlobalSection
	GlobalSection(ExtensibilityGlobals) = postSolution
		SolutionGuid = {CADCEB47-000B-4F64-9D47-21F193A89ADB}
	EndGlobalSection
EndGlobal
